// !$*UTF8*$!
{
	archiveVersion = 1;
	classes = {
	};
	objectVersion = 55;
	objects = {

/* Begin PBXBuildFile section */
		8833C562271EE9C200F4A148 /* BookViewController.swift in Sources */ = {isa = PBXBuildFile; fileRef = 8833C561271EE9C200F4A148 /* BookViewController.swift */; };
		8833C564271EEB0D00F4A148 /* BookCollectionViewCell.swift in Sources */ = {isa = PBXBuildFile; fileRef = 8833C563271EEB0D00F4A148 /* BookCollectionViewCell.swift */; };
		88639370271FE1370016995F /* LocationViewController.swift in Sources */ = {isa = PBXBuildFile; fileRef = 8863936F271FE1370016995F /* LocationViewController.swift */; };
		88639372271FFDCC0016995F /* TheaterLocations.swift in Sources */ = {isa = PBXBuildFile; fileRef = 88639371271FFDCC0016995F /* TheaterLocations.swift */; };
		88A7EC26272054D3004D2AFD /* OverviewTableViewCell.swift in Sources */ = {isa = PBXBuildFile; fileRef = 88A7EC25272054D3004D2AFD /* OverviewTableViewCell.swift */; };
		88B8CC73272CFA42006A5209 /* Constants.swift in Sources */ = {isa = PBXBuildFile; fileRef = 88B8CC72272CFA42006A5209 /* Constants.swift */; };
		88B8CC78272D2669006A5209 /* NaverBookNetworkManager.swift in Sources */ = {isa = PBXBuildFile; fileRef = 88B8CC77272D2669006A5209 /* NaverBookNetworkManager.swift */; };
		88BBAE26271D3815008D77FB /* Kingfisher in Frameworks */ = {isa = PBXBuildFile; productRef = 88BBAE25271D3815008D77FB /* Kingfisher */; };
		88BBAE28271D3E7D008D77FB /* MovieWebViewControlle.swift in Sources */ = {isa = PBXBuildFile; fileRef = 88BBAE27271D3E7D008D77FB /* MovieWebViewControlle.swift */; };
		88C1635727194A7A00BDB092 /* AppDelegate.swift in Sources */ = {isa = PBXBuildFile; fileRef = 88C1635627194A7A00BDB092 /* AppDelegate.swift */; };
		88C1635927194A7A00BDB092 /* SceneDelegate.swift in Sources */ = {isa = PBXBuildFile; fileRef = 88C1635827194A7A00BDB092 /* SceneDelegate.swift */; };
		88C1635B27194A7A00BDB092 /* ViewController.swift in Sources */ = {isa = PBXBuildFile; fileRef = 88C1635A27194A7A00BDB092 /* ViewController.swift */; };
		88C1635E27194A7A00BDB092 /* Main.storyboard in Resources */ = {isa = PBXBuildFile; fileRef = 88C1635C27194A7A00BDB092 /* Main.storyboard */; };
		88C1636027194A7D00BDB092 /* Assets.xcassets in Resources */ = {isa = PBXBuildFile; fileRef = 88C1635F27194A7D00BDB092 /* Assets.xcassets */; };
		88C1636327194A7D00BDB092 /* LaunchScreen.storyboard in Resources */ = {isa = PBXBuildFile; fileRef = 88C1636127194A7D00BDB092 /* LaunchScreen.storyboard */; };
		88C1636B27194F4200BDB092 /* MovieTableViewCell.swift in Sources */ = {isa = PBXBuildFile; fileRef = 88C1636A27194F4200BDB092 /* MovieTableViewCell.swift */; };
		88C1636D2719506700BDB092 /* Sample.swift in Sources */ = {isa = PBXBuildFile; fileRef = 88C1636C2719506700BDB092 /* Sample.swift */; };
		88C1636F27195A4800BDB092 /* SearchViewController.swift in Sources */ = {isa = PBXBuildFile; fileRef = 88C1636E27195A4800BDB092 /* SearchViewController.swift */; };
		88C163712719674D00BDB092 /* InfoViewController.swift in Sources */ = {isa = PBXBuildFile; fileRef = 88C163702719674D00BDB092 /* InfoViewController.swift */; };
		88DBB39B27279D2C00DC8B52 /* SwiftyJSON in Frameworks */ = {isa = PBXBuildFile; productRef = 88DBB39A27279D2C00DC8B52 /* SwiftyJSON */; };
		88DBB39E27279D3600DC8B52 /* Alamofire in Frameworks */ = {isa = PBXBuildFile; productRef = 88DBB39D27279D3600DC8B52 /* Alamofire */; };
		88DBB3A02727C85900DC8B52 /* InfoTableViewCell.swift in Sources */ = {isa = PBXBuildFile; fileRef = 88DBB39F2727C85900DC8B52 /* InfoTableViewCell.swift */; };
		88DBB3A22727C8D000DC8B52 /* BookData.swift in Sources */ = {isa = PBXBuildFile; fileRef = 88DBB3A12727C8D000DC8B52 /* BookData.swift */; };
		88DBB3AD2727F3CD00DC8B52 /* MovieRankingViewController.swift in Sources */ = {isa = PBXBuildFile; fileRef = 88DBB3AC2727F3CD00DC8B52 /* MovieRankingViewController.swift */; };
		88DBB3AF2727F55800DC8B52 /* RankingTableViewCell.swift in Sources */ = {isa = PBXBuildFile; fileRef = 88DBB3AE2727F55800DC8B52 /* RankingTableViewCell.swift */; };
		88DBB3B127281A5A00DC8B52 /* MovieRankData.swift in Sources */ = {isa = PBXBuildFile; fileRef = 88DBB3B027281A5A00DC8B52 /* MovieRankData.swift */; };
		88E1EDAE272AE321008FCDE3 /* PeopleTableViewCell.swift in Sources */ = {isa = PBXBuildFile; fileRef = 88E1EDAC272AE321008FCDE3 /* PeopleTableViewCell.swift */; };
		88E1EDAF272AE321008FCDE3 /* PeopleTableViewCell.xib in Resources */ = {isa = PBXBuildFile; fileRef = 88E1EDAD272AE321008FCDE3 /* PeopleTableViewCell.xib */; };
		88E6465027299E6B000681A8 /* TmbNetworkManager.swift in Sources */ = {isa = PBXBuildFile; fileRef = 88E6464F27299E6B000681A8 /* TmbNetworkManager.swift */; };
		88FDED7E272ACDBA00DD0383 /* CastTableViewCell.swift in Sources */ = {isa = PBXBuildFile; fileRef = 88FDED7D272ACDBA00DD0383 /* CastTableViewCell.swift */; };
/* End PBXBuildFile section */

/* Begin PBXFileReference section */
		8833C561271EE9C200F4A148 /* BookViewController.swift */ = {isa = PBXFileReference; lastKnownFileType = sourcecode.swift; path = BookViewController.swift; sourceTree = "<group>"; };
		8833C563271EEB0D00F4A148 /* BookCollectionViewCell.swift */ = {isa = PBXFileReference; lastKnownFileType = sourcecode.swift; path = BookCollectionViewCell.swift; sourceTree = "<group>"; };
		8863936F271FE1370016995F /* LocationViewController.swift */ = {isa = PBXFileReference; lastKnownFileType = sourcecode.swift; path = LocationViewController.swift; sourceTree = "<group>"; };
		88639371271FFDCC0016995F /* TheaterLocations.swift */ = {isa = PBXFileReference; lastKnownFileType = sourcecode.swift; path = TheaterLocations.swift; sourceTree = "<group>"; };
		88A7EC25272054D3004D2AFD /* OverviewTableViewCell.swift */ = {isa = PBXFileReference; lastKnownFileType = sourcecode.swift; path = OverviewTableViewCell.swift; sourceTree = "<group>"; };
		88B8CC72272CFA42006A5209 /* Constants.swift */ = {isa = PBXFileReference; lastKnownFileType = sourcecode.swift; path = Constants.swift; sourceTree = "<group>"; };
		88B8CC77272D2669006A5209 /* NaverBookNetworkManager.swift */ = {isa = PBXFileReference; lastKnownFileType = sourcecode.swift; path = NaverBookNetworkManager.swift; sourceTree = "<group>"; };
		88BBAE27271D3E7D008D77FB /* MovieWebViewControlle.swift */ = {isa = PBXFileReference; lastKnownFileType = sourcecode.swift; path = MovieWebViewControlle.swift; sourceTree = "<group>"; };
		88C1635327194A7A00BDB092 /* TrendMedia.app */ = {isa = PBXFileReference; explicitFileType = wrapper.application; includeInIndex = 0; path = TrendMedia.app; sourceTree = BUILT_PRODUCTS_DIR; };
		88C1635627194A7A00BDB092 /* AppDelegate.swift */ = {isa = PBXFileReference; lastKnownFileType = sourcecode.swift; path = AppDelegate.swift; sourceTree = "<group>"; };
		88C1635827194A7A00BDB092 /* SceneDelegate.swift */ = {isa = PBXFileReference; lastKnownFileType = sourcecode.swift; path = SceneDelegate.swift; sourceTree = "<group>"; };
		88C1635A27194A7A00BDB092 /* ViewController.swift */ = {isa = PBXFileReference; lastKnownFileType = sourcecode.swift; path = ViewController.swift; sourceTree = "<group>"; };
		88C1635D27194A7A00BDB092 /* Base */ = {isa = PBXFileReference; lastKnownFileType = file.storyboard; name = Base; path = Base.lproj/Main.storyboard; sourceTree = "<group>"; };
		88C1635F27194A7D00BDB092 /* Assets.xcassets */ = {isa = PBXFileReference; lastKnownFileType = folder.assetcatalog; path = Assets.xcassets; sourceTree = "<group>"; };
		88C1636227194A7D00BDB092 /* Base */ = {isa = PBXFileReference; lastKnownFileType = file.storyboard; name = Base; path = Base.lproj/LaunchScreen.storyboard; sourceTree = "<group>"; };
		88C1636427194A7D00BDB092 /* Info.plist */ = {isa = PBXFileReference; lastKnownFileType = text.plist.xml; path = Info.plist; sourceTree = "<group>"; };
		88C1636A27194F4200BDB092 /* MovieTableViewCell.swift */ = {isa = PBXFileReference; lastKnownFileType = sourcecode.swift; path = MovieTableViewCell.swift; sourceTree = "<group>"; };
		88C1636C2719506700BDB092 /* Sample.swift */ = {isa = PBXFileReference; fileEncoding = 4; lastKnownFileType = sourcecode.swift; path = Sample.swift; sourceTree = "<group>"; };
		88C1636E27195A4800BDB092 /* SearchViewController.swift */ = {isa = PBXFileReference; lastKnownFileType = sourcecode.swift; path = SearchViewController.swift; sourceTree = "<group>"; };
		88C163702719674D00BDB092 /* InfoViewController.swift */ = {isa = PBXFileReference; lastKnownFileType = sourcecode.swift; path = InfoViewController.swift; sourceTree = "<group>"; };
		88DBB39F2727C85900DC8B52 /* InfoTableViewCell.swift */ = {isa = PBXFileReference; lastKnownFileType = sourcecode.swift; path = InfoTableViewCell.swift; sourceTree = "<group>"; };
		88DBB3A12727C8D000DC8B52 /* BookData.swift */ = {isa = PBXFileReference; lastKnownFileType = sourcecode.swift; path = BookData.swift; sourceTree = "<group>"; };
		88DBB3AC2727F3CD00DC8B52 /* MovieRankingViewController.swift */ = {isa = PBXFileReference; lastKnownFileType = sourcecode.swift; path = MovieRankingViewController.swift; sourceTree = "<group>"; };
		88DBB3AE2727F55800DC8B52 /* RankingTableViewCell.swift */ = {isa = PBXFileReference; lastKnownFileType = sourcecode.swift; path = RankingTableViewCell.swift; sourceTree = "<group>"; };
		88DBB3B027281A5A00DC8B52 /* MovieRankData.swift */ = {isa = PBXFileReference; lastKnownFileType = sourcecode.swift; path = MovieRankData.swift; sourceTree = "<group>"; };
		88E1EDAC272AE321008FCDE3 /* PeopleTableViewCell.swift */ = {isa = PBXFileReference; lastKnownFileType = sourcecode.swift; path = PeopleTableViewCell.swift; sourceTree = "<group>"; };
		88E1EDAD272AE321008FCDE3 /* PeopleTableViewCell.xib */ = {isa = PBXFileReference; lastKnownFileType = file.xib; path = PeopleTableViewCell.xib; sourceTree = "<group>"; };
		88E6464F27299E6B000681A8 /* TmbNetworkManager.swift */ = {isa = PBXFileReference; lastKnownFileType = sourcecode.swift; path = TmbNetworkManager.swift; sourceTree = "<group>"; };
		88FDED7D272ACDBA00DD0383 /* CastTableViewCell.swift */ = {isa = PBXFileReference; lastKnownFileType = sourcecode.swift; path = CastTableViewCell.swift; sourceTree = "<group>"; };
/* End PBXFileReference section */

/* Begin PBXFrameworksBuildPhase section */
		88C1635027194A7A00BDB092 /* Frameworks */ = {
			isa = PBXFrameworksBuildPhase;
			buildActionMask = 2147483647;
			files = (
				88DBB39E27279D3600DC8B52 /* Alamofire in Frameworks */,
				88DBB39B27279D2C00DC8B52 /* SwiftyJSON in Frameworks */,
				88BBAE26271D3815008D77FB /* Kingfisher in Frameworks */,
			);
			runOnlyForDeploymentPostprocessing = 0;
		};
/* End PBXFrameworksBuildPhase section */

/* Begin PBXGroup section */
		88B8CC71272CF978006A5209 /* Info View Controller */ = {
			isa = PBXGroup;
			children = (
				88E1EDAC272AE321008FCDE3 /* PeopleTableViewCell.swift */,
				88E1EDAD272AE321008FCDE3 /* PeopleTableViewCell.xib */,
				88A7EC25272054D3004D2AFD /* OverviewTableViewCell.swift */,
				88C163702719674D00BDB092 /* InfoViewController.swift */,
			);
			path = "Info View Controller";
			sourceTree = "<group>";
		};
		88B8CC76272D240F006A5209 /* Search VC */ = {
			isa = PBXGroup;
			children = (
				88DBB3A12727C8D000DC8B52 /* BookData.swift */,
				88DBB39F2727C85900DC8B52 /* InfoTableViewCell.swift */,
				88C1636E27195A4800BDB092 /* SearchViewController.swift */,
			);
			path = "Search VC";
			sourceTree = "<group>";
		};
		88C1634A27194A7A00BDB092 = {
			isa = PBXGroup;
			children = (
				88C1635527194A7A00BDB092 /* TrendMedia */,
				88C1635427194A7A00BDB092 /* Products */,
			);
			sourceTree = "<group>";
		};
		88C1635427194A7A00BDB092 /* Products */ = {
			isa = PBXGroup;
			children = (
				88C1635327194A7A00BDB092 /* TrendMedia.app */,
			);
			name = Products;
			sourceTree = "<group>";
		};
		88C1635527194A7A00BDB092 /* TrendMedia */ = {
			isa = PBXGroup;
			children = (
				88C1635627194A7A00BDB092 /* AppDelegate.swift */,
				88DC1A20272D52A200A2A97D /* Book VC */,
				88FDED7D272ACDBA00DD0383 /* CastTableViewCell.swift */,
				88C1635827194A7A00BDB092 /* SceneDelegate.swift */,
				88DC1A22272D532800A2A97D /* Main VC */,
				88B8CC76272D240F006A5209 /* Search VC */,
				88C1635C27194A7A00BDB092 /* Main.storyboard */,
				88B8CC71272CF978006A5209 /* Info View Controller */,
				88E6464F27299E6B000681A8 /* TmbNetworkManager.swift */,
				88DC1A21272D52D900A2A97D /* Ranking VC */,
				8863936F271FE1370016995F /* LocationViewController.swift */,
				88639371271FFDCC0016995F /* TheaterLocations.swift */,
				88BBAE27271D3E7D008D77FB /* MovieWebViewControlle.swift */,
				88C1635F27194A7D00BDB092 /* Assets.xcassets */,
				88C1636C2719506700BDB092 /* Sample.swift */,
				88C1636127194A7D00BDB092 /* LaunchScreen.storyboard */,
				88C1636427194A7D00BDB092 /* Info.plist */,
				88B8CC72272CFA42006A5209 /* Constants.swift */,
				88B8CC77272D2669006A5209 /* NaverBookNetworkManager.swift */,
			);
			path = TrendMedia;
			sourceTree = "<group>";
		};
		88DC1A20272D52A200A2A97D /* Book VC */ = {
			isa = PBXGroup;
			children = (
				8833C563271EEB0D00F4A148 /* BookCollectionViewCell.swift */,
				8833C561271EE9C200F4A148 /* BookViewController.swift */,
			);
			name = "Book VC";
			sourceTree = "<group>";
		};
		88DC1A21272D52D900A2A97D /* Ranking VC */ = {
			isa = PBXGroup;
			children = (
				88DBB3AE2727F55800DC8B52 /* RankingTableViewCell.swift */,
				88DBB3AC2727F3CD00DC8B52 /* MovieRankingViewController.swift */,
				88DBB3B027281A5A00DC8B52 /* MovieRankData.swift */,
			);
			path = "Ranking VC";
			sourceTree = "<group>";
		};
		88DC1A22272D532800A2A97D /* Main VC */ = {
			isa = PBXGroup;
			children = (
				88C1635A27194A7A00BDB092 /* ViewController.swift */,
				88C1636A27194F4200BDB092 /* MovieTableViewCell.swift */,
			);
			path = "Main VC";
			sourceTree = "<group>";
		};
/* End PBXGroup section */

/* Begin PBXNativeTarget section */
		88C1635227194A7A00BDB092 /* TrendMedia */ = {
			isa = PBXNativeTarget;
			buildConfigurationList = 88C1636727194A7D00BDB092 /* Build configuration list for PBXNativeTarget "TrendMedia" */;
			buildPhases = (
				88C1634F27194A7A00BDB092 /* Sources */,
				88C1635027194A7A00BDB092 /* Frameworks */,
				88C1635127194A7A00BDB092 /* Resources */,
			);
			buildRules = (
			);
			dependencies = (
			);
			name = TrendMedia;
			packageProductDependencies = (
				88BBAE25271D3815008D77FB /* Kingfisher */,
				88DBB39A27279D2C00DC8B52 /* SwiftyJSON */,
				88DBB39D27279D3600DC8B52 /* Alamofire */,
			);
			productName = TrendMedia;
			productReference = 88C1635327194A7A00BDB092 /* TrendMedia.app */;
			productType = "com.apple.product-type.application";
		};
/* End PBXNativeTarget section */

/* Begin PBXProject section */
		88C1634B27194A7A00BDB092 /* Project object */ = {
			isa = PBXProject;
			attributes = {
				BuildIndependentTargetsInParallel = 1;
				LastSwiftUpdateCheck = 1300;
				LastUpgradeCheck = 1300;
				TargetAttributes = {
					88C1635227194A7A00BDB092 = {
						CreatedOnToolsVersion = 13.0;
					};
				};
			};
			buildConfigurationList = 88C1634E27194A7A00BDB092 /* Build configuration list for PBXProject "TrendMedia" */;
			compatibilityVersion = "Xcode 13.0";
			developmentRegion = en;
			hasScannedForEncodings = 0;
			knownRegions = (
				en,
				Base,
			);
			mainGroup = 88C1634A27194A7A00BDB092;
			packageReferences = (
				88BBAE24271D3815008D77FB /* XCRemoteSwiftPackageReference "Kingfisher" */,
				88DBB39927279D2C00DC8B52 /* XCRemoteSwiftPackageReference "SwiftyJSON" */,
				88DBB39C27279D3600DC8B52 /* XCRemoteSwiftPackageReference "Alamofire" */,
			);
			productRefGroup = 88C1635427194A7A00BDB092 /* Products */;
			projectDirPath = "";
			projectRoot = "";
			targets = (
				88C1635227194A7A00BDB092 /* TrendMedia */,
			);
		};
/* End PBXProject section */

/* Begin PBXResourcesBuildPhase section */
		88C1635127194A7A00BDB092 /* Resources */ = {
			isa = PBXResourcesBuildPhase;
			buildActionMask = 2147483647;
			files = (
				88E1EDAF272AE321008FCDE3 /* PeopleTableViewCell.xib in Resources */,
				88C1636327194A7D00BDB092 /* LaunchScreen.storyboard in Resources */,
				88C1636027194A7D00BDB092 /* Assets.xcassets in Resources */,
				88C1635E27194A7A00BDB092 /* Main.storyboard in Resources */,
			);
			runOnlyForDeploymentPostprocessing = 0;
		};
/* End PBXResourcesBuildPhase section */

/* Begin PBXSourcesBuildPhase section */
		88C1634F27194A7A00BDB092 /* Sources */ = {
			isa = PBXSourcesBuildPhase;
			buildActionMask = 2147483647;
			files = (
				88B8CC73272CFA42006A5209 /* Constants.swift in Sources */,
				88A7EC26272054D3004D2AFD /* OverviewTableViewCell.swift in Sources */,
				88C1636F27195A4800BDB092 /* SearchViewController.swift in Sources */,
				88639372271FFDCC0016995F /* TheaterLocations.swift in Sources */,
				88DBB3AF2727F55800DC8B52 /* RankingTableViewCell.swift in Sources */,
				88B8CC78272D2669006A5209 /* NaverBookNetworkManager.swift in Sources */,
				88BBAE28271D3E7D008D77FB /* MovieWebViewControlle.swift in Sources */,
				88639370271FE1370016995F /* LocationViewController.swift in Sources */,
				88FDED7E272ACDBA00DD0383 /* CastTableViewCell.swift in Sources */,
				88C1636D2719506700BDB092 /* Sample.swift in Sources */,
				8833C564271EEB0D00F4A148 /* BookCollectionViewCell.swift in Sources */,
				88DBB3B127281A5A00DC8B52 /* MovieRankData.swift in Sources */,
				88C1635B27194A7A00BDB092 /* ViewController.swift in Sources */,
				88DBB3AD2727F3CD00DC8B52 /* MovieRankingViewController.swift in Sources */,
				88C163712719674D00BDB092 /* InfoViewController.swift in Sources */,
				88C1635727194A7A00BDB092 /* AppDelegate.swift in Sources */,
				8833C562271EE9C200F4A148 /* BookViewController.swift in Sources */,
				88DBB3A02727C85900DC8B52 /* InfoTableViewCell.swift in Sources */,
				88DBB3A22727C8D000DC8B52 /* BookData.swift in Sources */,
				88C1636B27194F4200BDB092 /* MovieTableViewCell.swift in Sources */,
				88E1EDAE272AE321008FCDE3 /* PeopleTableViewCell.swift in Sources */,
				88C1635927194A7A00BDB092 /* SceneDelegate.swift in Sources */,
				88E6465027299E6B000681A8 /* TmbNetworkManager.swift in Sources */,
			);
			runOnlyForDeploymentPostprocessing = 0;
		};
/* End PBXSourcesBuildPhase section */

/* Begin PBXVariantGroup section */
		88C1635C27194A7A00BDB092 /* Main.storyboard */ = {
			isa = PBXVariantGroup;
			children = (
				88C1635D27194A7A00BDB092 /* Base */,
			);
			name = Main.storyboard;
			sourceTree = "<group>";
		};
		88C1636127194A7D00BDB092 /* LaunchScreen.storyboard */ = {
			isa = PBXVariantGroup;
			children = (
				88C1636227194A7D00BDB092 /* Base */,
			);
			name = LaunchScreen.storyboard;
			sourceTree = "<group>";
		};
/* End PBXVariantGroup section */

/* Begin XCBuildConfiguration section */
		88C1636527194A7D00BDB092 /* Debug */ = {
			isa = XCBuildConfiguration;
			buildSettings = {
				ALWAYS_SEARCH_USER_PATHS = NO;
				CLANG_ANALYZER_NONNULL = YES;
				CLANG_ANALYZER_NUMBER_OBJECT_CONVERSION = YES_AGGRESSIVE;
				CLANG_CXX_LANGUAGE_STANDARD = "gnu++17";
				CLANG_CXX_LIBRARY = "libc++";
				CLANG_ENABLE_MODULES = YES;
				CLANG_ENABLE_OBJC_ARC = YES;
				CLANG_ENABLE_OBJC_WEAK = YES;
				CLANG_WARN_BLOCK_CAPTURE_AUTORELEASING = YES;
				CLANG_WARN_BOOL_CONVERSION = YES;
				CLANG_WARN_COMMA = YES;
				CLANG_WARN_CONSTANT_CONVERSION = YES;
				CLANG_WARN_DEPRECATED_OBJC_IMPLEMENTATIONS = YES;
				CLANG_WARN_DIRECT_OBJC_ISA_USAGE = YES_ERROR;
				CLANG_WARN_DOCUMENTATION_COMMENTS = YES;
				CLANG_WARN_EMPTY_BODY = YES;
				CLANG_WARN_ENUM_CONVERSION = YES;
				CLANG_WARN_INFINITE_RECURSION = YES;
				CLANG_WARN_INT_CONVERSION = YES;
				CLANG_WARN_NON_LITERAL_NULL_CONVERSION = YES;
				CLANG_WARN_OBJC_IMPLICIT_RETAIN_SELF = YES;
				CLANG_WARN_OBJC_LITERAL_CONVERSION = YES;
				CLANG_WARN_OBJC_ROOT_CLASS = YES_ERROR;
				CLANG_WARN_QUOTED_INCLUDE_IN_FRAMEWORK_HEADER = YES;
				CLANG_WARN_RANGE_LOOP_ANALYSIS = YES;
				CLANG_WARN_STRICT_PROTOTYPES = YES;
				CLANG_WARN_SUSPICIOUS_MOVE = YES;
				CLANG_WARN_UNGUARDED_AVAILABILITY = YES_AGGRESSIVE;
				CLANG_WARN_UNREACHABLE_CODE = YES;
				CLANG_WARN__DUPLICATE_METHOD_MATCH = YES;
				COPY_PHASE_STRIP = NO;
				DEBUG_INFORMATION_FORMAT = dwarf;
				ENABLE_STRICT_OBJC_MSGSEND = YES;
				ENABLE_TESTABILITY = YES;
				GCC_C_LANGUAGE_STANDARD = gnu11;
				GCC_DYNAMIC_NO_PIC = NO;
				GCC_NO_COMMON_BLOCKS = YES;
				GCC_OPTIMIZATION_LEVEL = 0;
				GCC_PREPROCESSOR_DEFINITIONS = (
					"DEBUG=1",
					"$(inherited)",
				);
				GCC_WARN_64_TO_32_BIT_CONVERSION = YES;
				GCC_WARN_ABOUT_RETURN_TYPE = YES_ERROR;
				GCC_WARN_UNDECLARED_SELECTOR = YES;
				GCC_WARN_UNINITIALIZED_AUTOS = YES_AGGRESSIVE;
				GCC_WARN_UNUSED_FUNCTION = YES;
				GCC_WARN_UNUSED_VARIABLE = YES;
				IPHONEOS_DEPLOYMENT_TARGET = 15.0;
				MTL_ENABLE_DEBUG_INFO = INCLUDE_SOURCE;
				MTL_FAST_MATH = YES;
				ONLY_ACTIVE_ARCH = YES;
				SDKROOT = iphoneos;
				SWIFT_ACTIVE_COMPILATION_CONDITIONS = DEBUG;
				SWIFT_OPTIMIZATION_LEVEL = "-Onone";
			};
			name = Debug;
		};
		88C1636627194A7D00BDB092 /* Release */ = {
			isa = XCBuildConfiguration;
			buildSettings = {
				ALWAYS_SEARCH_USER_PATHS = NO;
				CLANG_ANALYZER_NONNULL = YES;
				CLANG_ANALYZER_NUMBER_OBJECT_CONVERSION = YES_AGGRESSIVE;
				CLANG_CXX_LANGUAGE_STANDARD = "gnu++17";
				CLANG_CXX_LIBRARY = "libc++";
				CLANG_ENABLE_MODULES = YES;
				CLANG_ENABLE_OBJC_ARC = YES;
				CLANG_ENABLE_OBJC_WEAK = YES;
				CLANG_WARN_BLOCK_CAPTURE_AUTORELEASING = YES;
				CLANG_WARN_BOOL_CONVERSION = YES;
				CLANG_WARN_COMMA = YES;
				CLANG_WARN_CONSTANT_CONVERSION = YES;
				CLANG_WARN_DEPRECATED_OBJC_IMPLEMENTATIONS = YES;
				CLANG_WARN_DIRECT_OBJC_ISA_USAGE = YES_ERROR;
				CLANG_WARN_DOCUMENTATION_COMMENTS = YES;
				CLANG_WARN_EMPTY_BODY = YES;
				CLANG_WARN_ENUM_CONVERSION = YES;
				CLANG_WARN_INFINITE_RECURSION = YES;
				CLANG_WARN_INT_CONVERSION = YES;
				CLANG_WARN_NON_LITERAL_NULL_CONVERSION = YES;
				CLANG_WARN_OBJC_IMPLICIT_RETAIN_SELF = YES;
				CLANG_WARN_OBJC_LITERAL_CONVERSION = YES;
				CLANG_WARN_OBJC_ROOT_CLASS = YES_ERROR;
				CLANG_WARN_QUOTED_INCLUDE_IN_FRAMEWORK_HEADER = YES;
				CLANG_WARN_RANGE_LOOP_ANALYSIS = YES;
				CLANG_WARN_STRICT_PROTOTYPES = YES;
				CLANG_WARN_SUSPICIOUS_MOVE = YES;
				CLANG_WARN_UNGUARDED_AVAILABILITY = YES_AGGRESSIVE;
				CLANG_WARN_UNREACHABLE_CODE = YES;
				CLANG_WARN__DUPLICATE_METHOD_MATCH = YES;
				COPY_PHASE_STRIP = NO;
				DEBUG_INFORMATION_FORMAT = "dwarf-with-dsym";
				ENABLE_NS_ASSERTIONS = NO;
				ENABLE_STRICT_OBJC_MSGSEND = YES;
				GCC_C_LANGUAGE_STANDARD = gnu11;
				GCC_NO_COMMON_BLOCKS = YES;
				GCC_WARN_64_TO_32_BIT_CONVERSION = YES;
				GCC_WARN_ABOUT_RETURN_TYPE = YES_ERROR;
				GCC_WARN_UNDECLARED_SELECTOR = YES;
				GCC_WARN_UNINITIALIZED_AUTOS = YES_AGGRESSIVE;
				GCC_WARN_UNUSED_FUNCTION = YES;
				GCC_WARN_UNUSED_VARIABLE = YES;
				IPHONEOS_DEPLOYMENT_TARGET = 15.0;
				MTL_ENABLE_DEBUG_INFO = NO;
				MTL_FAST_MATH = YES;
				SDKROOT = iphoneos;
				SWIFT_COMPILATION_MODE = wholemodule;
				SWIFT_OPTIMIZATION_LEVEL = "-O";
				VALIDATE_PRODUCT = YES;
			};
			name = Release;
		};
		88C1636827194A7D00BDB092 /* Debug */ = {
			isa = XCBuildConfiguration;
			buildSettings = {
				ASSETCATALOG_COMPILER_APPICON_NAME = AppIcon;
				ASSETCATALOG_COMPILER_GLOBAL_ACCENT_COLOR_NAME = AccentColor;
				CODE_SIGN_STYLE = Automatic;
				CURRENT_PROJECT_VERSION = 1;
				DEVELOPMENT_TEAM = L3TAK769P4;
				GENERATE_INFOPLIST_FILE = YES;
				INFOPLIST_FILE = TrendMedia/Info.plist;
				INFOPLIST_KEY_UIApplicationSupportsIndirectInputEvents = YES;
				INFOPLIST_KEY_UILaunchStoryboardName = LaunchScreen;
				INFOPLIST_KEY_UIMainStoryboardFile = Main;
				INFOPLIST_KEY_UISupportedInterfaceOrientations_iPad = "UIInterfaceOrientationPortrait UIInterfaceOrientationPortraitUpsideDown UIInterfaceOrientationLandscapeLeft UIInterfaceOrientationLandscapeRight";
				INFOPLIST_KEY_UISupportedInterfaceOrientations_iPhone = "UIInterfaceOrientationPortrait UIInterfaceOrientationLandscapeLeft UIInterfaceOrientationLandscapeRight";
				IPHONEOS_DEPLOYMENT_TARGET = 14.0;
				LD_RUNPATH_SEARCH_PATHS = (
					"$(inherited)",
					"@executable_path/Frameworks",
				);
				MARKETING_VERSION = 1.0;
				PRODUCT_BUNDLE_IDENTIFIER = yle.TrendMedia;
				PRODUCT_NAME = "$(TARGET_NAME)";
				SWIFT_EMIT_LOC_STRINGS = YES;
				SWIFT_VERSION = 5.0;
				TARGETED_DEVICE_FAMILY = "1,2";
			};
			name = Debug;
		};
		88C1636927194A7D00BDB092 /* Release */ = {
			isa = XCBuildConfiguration;
			buildSettings = {
				ASSETCATALOG_COMPILER_APPICON_NAME = AppIcon;
				ASSETCATALOG_COMPILER_GLOBAL_ACCENT_COLOR_NAME = AccentColor;
				CODE_SIGN_STYLE = Automatic;
				CURRENT_PROJECT_VERSION = 1;
				DEVELOPMENT_TEAM = L3TAK769P4;
				GENERATE_INFOPLIST_FILE = YES;
				INFOPLIST_FILE = TrendMedia/Info.plist;
				INFOPLIST_KEY_UIApplicationSupportsIndirectInputEvents = YES;
				INFOPLIST_KEY_UILaunchStoryboardName = LaunchScreen;
				INFOPLIST_KEY_UIMainStoryboardFile = Main;
				INFOPLIST_KEY_UISupportedInterfaceOrientations_iPad = "UIInterfaceOrientationPortrait UIInterfaceOrientationPortraitUpsideDown UIInterfaceOrientationLandscapeLeft UIInterfaceOrientationLandscapeRight";
				INFOPLIST_KEY_UISupportedInterfaceOrientations_iPhone = "UIInterfaceOrientationPortrait UIInterfaceOrientationLandscapeLeft UIInterfaceOrientationLandscapeRight";
				IPHONEOS_DEPLOYMENT_TARGET = 14.0;
				LD_RUNPATH_SEARCH_PATHS = (
					"$(inherited)",
					"@executable_path/Frameworks",
				);
				MARKETING_VERSION = 1.0;
				PRODUCT_BUNDLE_IDENTIFIER = yle.TrendMedia;
				PRODUCT_NAME = "$(TARGET_NAME)";
				SWIFT_EMIT_LOC_STRINGS = YES;
				SWIFT_VERSION = 5.0;
				TARGETED_DEVICE_FAMILY = "1,2";
			};
			name = Release;
		};
/* End XCBuildConfiguration section */

/* Begin XCConfigurationList section */
		88C1634E27194A7A00BDB092 /* Build configuration list for PBXProject "TrendMedia" */ = {
			isa = XCConfigurationList;
			buildConfigurations = (
				88C1636527194A7D00BDB092 /* Debug */,
				88C1636627194A7D00BDB092 /* Release */,
			);
			defaultConfigurationIsVisible = 0;
			defaultConfigurationName = Release;
		};
		88C1636727194A7D00BDB092 /* Build configuration list for PBXNativeTarget "TrendMedia" */ = {
			isa = XCConfigurationList;
			buildConfigurations = (
				88C1636827194A7D00BDB092 /* Debug */,
				88C1636927194A7D00BDB092 /* Release */,
			);
			defaultConfigurationIsVisible = 0;
			defaultConfigurationName = Release;
		};
/* End XCConfigurationList section */

/* Begin XCRemoteSwiftPackageReference section */
		88BBAE24271D3815008D77FB /* XCRemoteSwiftPackageReference "Kingfisher" */ = {
			isa = XCRemoteSwiftPackageReference;
			repositoryURL = "https://github.com/onevcat/Kingfisher.git";
			requirement = {
				kind = upToNextMajorVersion;
				minimumVersion = 7.0.0;
			};
		};
		88DBB39927279D2C00DC8B52 /* XCRemoteSwiftPackageReference "SwiftyJSON" */ = {
			isa = XCRemoteSwiftPackageReference;
			repositoryURL = "https://github.com/SwiftyJSON/SwiftyJSON";
			requirement = {
				kind = exactVersion;
				version = 5.0.0;
			};
		};
		88DBB39C27279D3600DC8B52 /* XCRemoteSwiftPackageReference "Alamofire" */ = {
			isa = XCRemoteSwiftPackageReference;
			repositoryURL = "https://github.com/Alamofire/Alamofire";
			requirement = {
				branch = master;
				kind = branch;
			};
		};
/* End XCRemoteSwiftPackageReference section */

/* Begin XCSwiftPackageProductDependency section */
		88BBAE25271D3815008D77FB /* Kingfisher */ = {
			isa = XCSwiftPackageProductDependency;
			package = 88BBAE24271D3815008D77FB /* XCRemoteSwiftPackageReference "Kingfisher" */;
			productName = Kingfisher;
		};
		88DBB39A27279D2C00DC8B52 /* SwiftyJSON */ = {
			isa = XCSwiftPackageProductDependency;
			package = 88DBB39927279D2C00DC8B52 /* XCRemoteSwiftPackageReference "SwiftyJSON" */;
			productName = SwiftyJSON;
		};
		88DBB39D27279D3600DC8B52 /* Alamofire */ = {
			isa = XCSwiftPackageProductDependency;
			package = 88DBB39C27279D3600DC8B52 /* XCRemoteSwiftPackageReference "Alamofire" */;
			productName = Alamofire;
		};
/* End XCSwiftPackageProductDependency section */
	};
	rootObject = 88C1634B27194A7A00BDB092 /* Project object */;
}
