// !$*UTF8*$!
{
	archiveVersion = 1;
	classes = {
	};
	objectVersion = 55;
	objects = {

/* Begin PBXBuildFile section */
		8833C562271EE9C200F4A148 /* BookViewController.swift in Sources */ = {isa = PBXBuildFile; fileRef = 8833C561271EE9C200F4A148 /* BookViewController.swift */; };
		8833C564271EEB0D00F4A148 /* BookCollectionViewCell.swift in Sources */ = {isa = PBXBuildFile; fileRef = 8833C563271EEB0D00F4A148 /* BookCollectionViewCell.swift */; };
		88639370271FE1370016995F /* LocationViewController.swift in Sources */ = {isa = PBXBuildFile; fileRef = 8863936F271FE1370016995F /* LocationViewController.swift */; };
		88639372271FFDCC0016995F /* TheaterLocations.swift in Sources */ = {isa = PBXBuildFile; fileRef = 88639371271FFDCC0016995F /* TheaterLocations.swift */; };
		88BBAE26271D3815008D77FB /* Kingfisher in Frameworks */ = {isa = PBXBuildFile; productRef = 88BBAE25271D3815008D77FB /* Kingfisher */; };
		88BBAE28271D3E7D008D77FB /* MovieWebViewControlle.swift in Sources */ = {isa = PBXBuildFile; fileRef = 88BBAE27271D3E7D008D77FB /* MovieWebViewControlle.swift */; };
		88C1635727194A7A00BDB092 /* AppDelegate.swift in Sources */ = {isa = PBXBuildFile; fileRef = 88C1635627194A7A00BDB092 /* AppDelegate.swift */; };
		88C1635927194A7A00BDB092 /* SceneDelegate.swift in Sources */ = {isa = PBXBuildFile; fileRef = 88C1635827194A7A00BDB092 /* SceneDelegate.swift */; };
		88C1635B27194A7A00BDB092 /* ViewController.swift in Sources */ = {isa = PBXBuildFile; fileRef = 88C1635A27194A7A00BDB092 /* ViewController.swift */; };
		88C1635E27194A7A00BDB092 /* Main.storyboard in Resources */ = {isa = PBXBuildFile; fileRef = 88C1635C27194A7A00BDB092 /* Main.storyboard */; };
		88C1636027194A7D00BDB092 /* Assets.xcassets in Resources */ = {isa = PBXBuildFile; fileRef = 88C1635F27194A7D00BDB092 /* Assets.xcassets */; };
		88C1636327194A7D00BDB092 /* LaunchScreen.storyboard in Resources */ = {isa = PBXBuildFile; fileRef = 88C1636127194A7D00BDB092 /* LaunchScreen.storyboard */; };
		88C1636B27194F4200BDB092 /* MovieTableViewCell.swift in Sources */ = {isa = PBXBuildFile; fileRef = 88C1636A27194F4200BDB092 /* MovieTableViewCell.swift */; };
		88C1636D2719506700BDB092 /* Sample.swift in Sources */ = {isa = PBXBuildFile; fileRef = 88C1636C2719506700BDB092 /* Sample.swift */; };
		88C1636F27195A4800BDB092 /* SearchViewController.swift in Sources */ = {isa = PBXBuildFile; fileRef = 88C1636E27195A4800BDB092 /* SearchViewController.swift */; };
		88C163712719674D00BDB092 /* InfoViewController.swift in Sources */ = {isa = PBXBuildFile; fileRef = 88C163702719674D00BDB092 /* InfoViewController.swift */; };
		88CCC97C271F9F5900A21567 /* InfoContentTableViewCell.swift in Sources */ = {isa = PBXBuildFile; fileRef = 88CCC97B271F9F5900A21567 /* InfoContentTableViewCell.swift */; };
/* End PBXBuildFile section */

/* Begin PBXFileReference section */
		8833C561271EE9C200F4A148 /* BookViewController.swift */ = {isa = PBXFileReference; lastKnownFileType = sourcecode.swift; path = BookViewController.swift; sourceTree = "<group>"; };
		8833C563271EEB0D00F4A148 /* BookCollectionViewCell.swift */ = {isa = PBXFileReference; lastKnownFileType = sourcecode.swift; path = BookCollectionViewCell.swift; sourceTree = "<group>"; };
		8863936F271FE1370016995F /* LocationViewController.swift */ = {isa = PBXFileReference; lastKnownFileType = sourcecode.swift; path = LocationViewController.swift; sourceTree = "<group>"; };
		88639371271FFDCC0016995F /* TheaterLocations.swift */ = {isa = PBXFileReference; lastKnownFileType = sourcecode.swift; path = TheaterLocations.swift; sourceTree = "<group>"; };
		88BBAE27271D3E7D008D77FB /* MovieWebViewControlle.swift */ = {isa = PBXFileReference; lastKnownFileType = sourcecode.swift; path = MovieWebViewControlle.swift; sourceTree = "<group>"; };
		88C1635327194A7A00BDB092 /* TrendMedia.app */ = {isa = PBXFileReference; explicitFileType = wrapper.application; includeInIndex = 0; path = TrendMedia.app; sourceTree = BUILT_PRODUCTS_DIR; };
		88C1635627194A7A00BDB092 /* AppDelegate.swift */ = {isa = PBXFileReference; lastKnownFileType = sourcecode.swift; path = AppDelegate.swift; sourceTree = "<group>"; };
		88C1635827194A7A00BDB092 /* SceneDelegate.swift */ = {isa = PBXFileReference; lastKnownFileType = sourcecode.swift; path = SceneDelegate.swift; sourceTree = "<group>"; };
		88C1635A27194A7A00BDB092 /* ViewController.swift */ = {isa = PBXFileReference; lastKnownFileType = sourcecode.swift; path = ViewController.swift; sourceTree = "<group>"; };
		88C1635D27194A7A00BDB092 /* Base */ = {isa = PBXFileReference; lastKnownFileType = file.storyboard; name = Base; path = Base.lproj/Main.storyboard; sourceTree = "<group>"; };
		88C1635F27194A7D00BDB092 /* Assets.xcassets */ = {isa = PBXFileReference; lastKnownFileType = folder.assetcatalog; path = Assets.xcassets; sourceTree = "<group>"; };
		88C1636227194A7D00BDB092 /* Base */ = {isa = PBXFileReference; lastKnownFileType = file.storyboard; name = Base; path = Base.lproj/LaunchScreen.storyboard; sourceTree = "<group>"; };
		88C1636427194A7D00BDB092 /* Info.plist */ = {isa = PBXFileReference; lastKnownFileType = text.plist.xml; path = Info.plist; sourceTree = "<group>"; };
		88C1636A27194F4200BDB092 /* MovieTableViewCell.swift */ = {isa = PBXFileReference; lastKnownFileType = sourcecode.swift; path = MovieTableViewCell.swift; sourceTree = "<group>"; };
		88C1636C2719506700BDB092 /* Sample.swift */ = {isa = PBXFileReference; fileEncoding = 4; lastKnownFileType = sourcecode.swift; path = Sample.swift; sourceTree = "<group>"; };
		88C1636E27195A4800BDB092 /* SearchViewController.swift */ = {isa = PBXFileReference; lastKnownFileType = sourcecode.swift; path = SearchViewController.swift; sourceTree = "<group>"; };
		88C163702719674D00BDB092 /* InfoViewController.swift */ = {isa = PBXFileReference; lastKnownFileType = sourcecode.swift; path = InfoViewController.swift; sourceTree = "<group>"; };
		88CCC97B271F9F5900A21567 /* InfoContentTableViewCell.swift */ = {isa = PBXFileReference; lastKnownFileType = sourcecode.swift; path = InfoContentTableViewCell.swift; sourceTree = "<group>"; };
/* End PBXFileReference section */

/* Begin PBXFrameworksBuildPhase section */
		88C1635027194A7A00BDB092 /* Frameworks */ = {
			isa = PBXFrameworksBuildPhase;
			buildActionMask = 2147483647;
			files = (
				88BBAE26271D3815008D77FB /* Kingfisher in Frameworks */,
			);
			runOnlyForDeploymentPostprocessing = 0;
		};
/* End PBXFrameworksBuildPhase section */

/* Begin PBXGroup section */
		88C1634A27194A7A00BDB092 = {
			isa = PBXGroup;
			children = (
				88C1635527194A7A00BDB092 /* TrendMedia */,
				88C1635427194A7A00BDB092 /* Products */,
			);
			sourceTree = "<group>";
		};
		88C1635427194A7A00BDB092 /* Products */ = {
			isa = PBXGroup;
			children = (
				88C1635327194A7A00BDB092 /* TrendMedia.app */,
			);
			name = Products;
			sourceTree = "<group>";
		};
		88C1635527194A7A00BDB092 /* TrendMedia */ = {
			isa = PBXGroup;
			children = (
				88C1635627194A7A00BDB092 /* AppDelegate.swift */,
				8833C561271EE9C200F4A148 /* BookViewController.swift */,
				88C1635827194A7A00BDB092 /* SceneDelegate.swift */,
				88C1635A27194A7A00BDB092 /* ViewController.swift */,
				88C1636E27195A4800BDB092 /* SearchViewController.swift */,
				88C1635C27194A7A00BDB092 /* Main.storyboard */,
				8863936F271FE1370016995F /* LocationViewController.swift */,
				88CCC97B271F9F5900A21567 /* InfoContentTableViewCell.swift */,
				88639371271FFDCC0016995F /* TheaterLocations.swift */,
				8833C563271EEB0D00F4A148 /* BookCollectionViewCell.swift */,
				88BBAE27271D3E7D008D77FB /* MovieWebViewControlle.swift */,
				88C163702719674D00BDB092 /* InfoViewController.swift */,
				88C1636A27194F4200BDB092 /* MovieTableViewCell.swift */,
				88C1635F27194A7D00BDB092 /* Assets.xcassets */,
				88C1636C2719506700BDB092 /* Sample.swift */,
				88C1636127194A7D00BDB092 /* LaunchScreen.storyboard */,
				88C1636427194A7D00BDB092 /* Info.plist */,
			);
			path = TrendMedia;
			sourceTree = "<group>";
		};
/* End PBXGroup section */

/* Begin PBXNativeTarget section */
		88C1635227194A7A00BDB092 /* TrendMedia */ = {
			isa = PBXNativeTarget;
			buildConfigurationList = 88C1636727194A7D00BDB092 /* Build configuration list for PBXNativeTarget "TrendMedia" */;
			buildPhases = (
				88C1634F27194A7A00BDB092 /* Sources */,
				88C1635027194A7A00BDB092 /* Frameworks */,
				88C1635127194A7A00BDB092 /* Resources */,
			);
			buildRules = (
			);
			dependencies = (
			);
			name = TrendMedia;
			packageProductDependencies = (
				88BBAE25271D3815008D77FB /* Kingfisher */,
			);
			productName = TrendMedia;
			productReference = 88C1635327194A7A00BDB092 /* TrendMedia.app */;
			productType = "com.apple.product-type.application";
		};
/* End PBXNativeTarget section */

/* Begin PBXProject section */
		88C1634B27194A7A00BDB092 /* Project object */ = {
			isa = PBXProject;
			attributes = {
				BuildIndependentTargetsInParallel = 1;
				LastSwiftUpdateCheck = 1300;
				LastUpgradeCheck = 1300;
				TargetAttributes = {
					88C1635227194A7A00BDB092 = {
						CreatedOnToolsVersion = 13.0;
					};
				};
			};
			buildConfigurationList = 88C1634E27194A7A00BDB092 /* Build configuration list for PBXProject "TrendMedia" */;
			compatibilityVersion = "Xcode 13.0";
			developmentRegion = en;
			hasScannedForEncodings = 0;
			knownRegions = (
				en,
				Base,
			);
			mainGroup = 88C1634A27194A7A00BDB092;
			packageReferences = (
				88BBAE24271D3815008D77FB /* XCRemoteSwiftPackageReference "Kingfisher" */,
			);
			productRefGroup = 88C1635427194A7A00BDB092 /* Products */;
			projectDirPath = "";
			projectRoot = "";
			targets = (
				88C1635227194A7A00BDB092 /* TrendMedia */,
			);
		};
/* End PBXProject section */

/* Begin PBXResourcesBuildPhase section */
		88C1635127194A7A00BDB092 /* Resources */ = {
			isa = PBXResourcesBuildPhase;
			buildActionMask = 2147483647;
			files = (
				88C1636327194A7D00BDB092 /* LaunchScreen.storyboard in Resources */,
				88C1636027194A7D00BDB092 /* Assets.xcassets in Resources */,
				88C1635E27194A7A00BDB092 /* Main.storyboard in Resources */,
			);
			runOnlyForDeploymentPostprocessing = 0;
		};
/* End PBXResourcesBuildPhase section */

/* Begin PBXSourcesBuildPhase section */
		88C1634F27194A7A00BDB092 /* Sources */ = {
			isa = PBXSourcesBuildPhase;
			buildActionMask = 2147483647;
			files = (
				88C1636F27195A4800BDB092 /* SearchViewController.swift in Sources */,
				88639372271FFDCC0016995F /* TheaterLocations.swift in Sources */,
				88BBAE28271D3E7D008D77FB /* MovieWebViewControlle.swift in Sources */,
				88CCC97C271F9F5900A21567 /* InfoContentTableViewCell.swift in Sources */,
				88639370271FE1370016995F /* LocationViewController.swift in Sources */,
				88C1636D2719506700BDB092 /* Sample.swift in Sources */,
				8833C564271EEB0D00F4A148 /* BookCollectionViewCell.swift in Sources */,
				88C1635B27194A7A00BDB092 /* ViewController.swift in Sources */,
				88C163712719674D00BDB092 /* InfoViewController.swift in Sources */,
				88C1635727194A7A00BDB092 /* AppDelegate.swift in Sources */,
				8833C562271EE9C200F4A148 /* BookViewController.swift in Sources */,
				88C1636B27194F4200BDB092 /* MovieTableViewCell.swift in Sources */,
				88C1635927194A7A00BDB092 /* SceneDelegate.swift in Sources */,
			);
			runOnlyForDeploymentPostprocessing = 0;
		};
/* End PBXSourcesBuildPhase section */

/* Begin PBXVariantGroup section */
		88C1635C27194A7A00BDB092 /* Main.storyboard */ = {
			isa = PBXVariantGroup;
			children = (
				88C1635D27194A7A00BDB092 /* Base */,
			);
			name = Main.storyboard;
			sourceTree = "<group>";
		};
		88C1636127194A7D00BDB092 /* LaunchScreen.storyboard */ = {
			isa = PBXVariantGroup;
			children = (
				88C1636227194A7D00BDB092 /* Base */,
			);
			name = LaunchScreen.storyboard;
			sourceTree = "<group>";
		};
/* End PBXVariantGroup section */

/* Begin XCBuildConfiguration section */
		88C1636527194A7D00BDB092 /* Debug */ = {
			isa = XCBuildConfiguration;
			buildSettings = {
				ALWAYS_SEARCH_USER_PATHS = NO;
				CLANG_ANALYZER_NONNULL = YES;
				CLANG_ANALYZER_NUMBER_OBJECT_CONVERSION = YES_AGGRESSIVE;
				CLANG_CXX_LANGUAGE_STANDARD = "gnu++17";
				CLANG_CXX_LIBRARY = "libc++";
				CLANG_ENABLE_MODULES = YES;
				CLANG_ENABLE_OBJC_ARC = YES;
				CLANG_ENABLE_OBJC_WEAK = YES;
				CLANG_WARN_BLOCK_CAPTURE_AUTORELEASING = YES;
				CLANG_WARN_BOOL_CONVERSION = YES;
				CLANG_WARN_COMMA = YES;
				CLANG_WARN_CONSTANT_CONVERSION = YES;
				CLANG_WARN_DEPRECATED_OBJC_IMPLEMENTATIONS = YES;
				CLANG_WARN_DIRECT_OBJC_ISA_USAGE = YES_ERROR;
				CLANG_WARN_DOCUMENTATION_COMMENTS = YES;
				CLANG_WARN_EMPTY_BODY = YES;
				CLANG_WARN_ENUM_CONVERSION = YES;
				CLANG_WARN_INFINITE_RECURSION = YES;
				CLANG_WARN_INT_CONVERSION = YES;
				CLANG_WARN_NON_LITERAL_NULL_CONVERSION = YES;
				CLANG_WARN_OBJC_IMPLICIT_RETAIN_SELF = YES;
				CLANG_WARN_OBJC_LITERAL_CONVERSION = YES;
				CLANG_WARN_OBJC_ROOT_CLASS = YES_ERROR;
				CLANG_WARN_QUOTED_INCLUDE_IN_FRAMEWORK_HEADER = YES;
				CLANG_WARN_RANGE_LOOP_ANALYSIS = YES;
				CLANG_WARN_STRICT_PROTOTYPES = YES;
				CLANG_WARN_SUSPICIOUS_MOVE = YES;
				CLANG_WARN_UNGUARDED_AVAILABILITY = YES_AGGRESSIVE;
				CLANG_WARN_UNREACHABLE_CODE = YES;
				CLANG_WARN__DUPLICATE_METHOD_MATCH = YES;
				COPY_PHASE_STRIP = NO;
				DEBUG_INFORMATION_FORMAT = dwarf;
				ENABLE_STRICT_OBJC_MSGSEND = YES;
				ENABLE_TESTABILITY = YES;
				GCC_C_LANGUAGE_STANDARD = gnu11;
				GCC_DYNAMIC_NO_PIC = NO;
				GCC_NO_COMMON_BLOCKS = YES;
				GCC_OPTIMIZATION_LEVEL = 0;
				GCC_PREPROCESSOR_DEFINITIONS = (
					"DEBUG=1",
					"$(inherited)",
				);
				GCC_WARN_64_TO_32_BIT_CONVERSION = YES;
				GCC_WARN_ABOUT_RETURN_TYPE = YES_ERROR;
				GCC_WARN_UNDECLARED_SELECTOR = YES;
				GCC_WARN_UNINITIALIZED_AUTOS = YES_AGGRESSIVE;
				GCC_WARN_UNUSED_FUNCTION = YES;
				GCC_WARN_UNUSED_VARIABLE = YES;
				IPHONEOS_DEPLOYMENT_TARGET = 15.0;
				MTL_ENABLE_DEBUG_INFO = INCLUDE_SOURCE;
				MTL_FAST_MATH = YES;
				ONLY_ACTIVE_ARCH = YES;
				SDKROOT = iphoneos;
				SWIFT_ACTIVE_COMPILATION_CONDITIONS = DEBUG;
				SWIFT_OPTIMIZATION_LEVEL = "-Onone";
			};
			name = Debug;
		};
		88C1636627194A7D00BDB092 /* Release */ = {
			isa = XCBuildConfiguration;
			buildSettings = {
				ALWAYS_SEARCH_USER_PATHS = NO;
				CLANG_ANALYZER_NONNULL = YES;
				CLANG_ANALYZER_NUMBER_OBJECT_CONVERSION = YES_AGGRESSIVE;
				CLANG_CXX_LANGUAGE_STANDARD = "gnu++17";
				CLANG_CXX_LIBRARY = "libc++";
				CLANG_ENABLE_MODULES = YES;
				CLANG_ENABLE_OBJC_ARC = YES;
				CLANG_ENABLE_OBJC_WEAK = YES;
				CLANG_WARN_BLOCK_CAPTURE_AUTORELEASING = YES;
				CLANG_WARN_BOOL_CONVERSION = YES;
				CLANG_WARN_COMMA = YES;
				CLANG_WARN_CONSTANT_CONVERSION = YES;
				CLANG_WARN_DEPRECATED_OBJC_IMPLEMENTATIONS = YES;
				CLANG_WARN_DIRECT_OBJC_ISA_USAGE = YES_ERROR;
				CLANG_WARN_DOCUMENTATION_COMMENTS = YES;
				CLANG_WARN_EMPTY_BODY = YES;
				CLANG_WARN_ENUM_CONVERSION = YES;
				CLANG_WARN_INFINITE_RECURSION = YES;
				CLANG_WARN_INT_CONVERSION = YES;
				CLANG_WARN_NON_LITERAL_NULL_CONVERSION = YES;
				CLANG_WARN_OBJC_IMPLICIT_RETAIN_SELF = YES;
				CLANG_WARN_OBJC_LITERAL_CONVERSION = YES;
				CLANG_WARN_OBJC_ROOT_CLASS = YES_ERROR;
				CLANG_WARN_QUOTED_INCLUDE_IN_FRAMEWORK_HEADER = YES;
				CLANG_WARN_RANGE_LOOP_ANALYSIS = YES;
				CLANG_WARN_STRICT_PROTOTYPES = YES;
				CLANG_WARN_SUSPICIOUS_MOVE = YES;
				CLANG_WARN_UNGUARDED_AVAILABILITY = YES_AGGRESSIVE;
				CLANG_WARN_UNREACHABLE_CODE = YES;
				CLANG_WARN__DUPLICATE_METHOD_MATCH = YES;
				COPY_PHASE_STRIP = NO;
				DEBUG_INFORMATION_FORMAT = "dwarf-with-dsym";
				ENABLE_NS_ASSERTIONS = NO;
				ENABLE_STRICT_OBJC_MSGSEND = YES;
				GCC_C_LANGUAGE_STANDARD = gnu11;
				GCC_NO_COMMON_BLOCKS = YES;
				GCC_WARN_64_TO_32_BIT_CONVERSION = YES;
				GCC_WARN_ABOUT_RETURN_TYPE = YES_ERROR;
				GCC_WARN_UNDECLARED_SELECTOR = YES;
				GCC_WARN_UNINITIALIZED_AUTOS = YES_AGGRESSIVE;
				GCC_WARN_UNUSED_FUNCTION = YES;
				GCC_WARN_UNUSED_VARIABLE = YES;
				IPHONEOS_DEPLOYMENT_TARGET = 15.0;
				MTL_ENABLE_DEBUG_INFO = NO;
				MTL_FAST_MATH = YES;
				SDKROOT = iphoneos;
				SWIFT_COMPILATION_MODE = wholemodule;
				SWIFT_OPTIMIZATION_LEVEL = "-O";
				VALIDATE_PRODUCT = YES;
			};
			name = Release;
		};
		88C1636827194A7D00BDB092 /* Debug */ = {
			isa = XCBuildConfiguration;
			buildSettings = {
				ASSETCATALOG_COMPILER_APPICON_NAME = AppIcon;
				ASSETCATALOG_COMPILER_GLOBAL_ACCENT_COLOR_NAME = AccentColor;
				CODE_SIGN_STYLE = Automatic;
				CURRENT_PROJECT_VERSION = 1;
				GENERATE_INFOPLIST_FILE = YES;
				INFOPLIST_FILE = TrendMedia/Info.plist;
				INFOPLIST_KEY_UIApplicationSupportsIndirectInputEvents = YES;
				INFOPLIST_KEY_UILaunchStoryboardName = LaunchScreen;
				INFOPLIST_KEY_UIMainStoryboardFile = Main;
				INFOPLIST_KEY_UISupportedInterfaceOrientations_iPad = "UIInterfaceOrientationPortrait UIInterfaceOrientationPortraitUpsideDown UIInterfaceOrientationLandscapeLeft UIInterfaceOrientationLandscapeRight";
				INFOPLIST_KEY_UISupportedInterfaceOrientations_iPhone = "UIInterfaceOrientationPortrait UIInterfaceOrientationLandscapeLeft UIInterfaceOrientationLandscapeRight";
				LD_RUNPATH_SEARCH_PATHS = (
					"$(inherited)",
					"@executable_path/Frameworks",
				);
				MARKETING_VERSION = 1.0;
				PRODUCT_BUNDLE_IDENTIFIER = yle.TrendMedia;
				PRODUCT_NAME = "$(TARGET_NAME)";
				SWIFT_EMIT_LOC_STRINGS = YES;
				SWIFT_VERSION = 5.0;
				TARGETED_DEVICE_FAMILY = "1,2";
			};
			name = Debug;
		};
		88C1636927194A7D00BDB092 /* Release */ = {
			isa = XCBuildConfiguration;
			buildSettings = {
				ASSETCATALOG_COMPILER_APPICON_NAME = AppIcon;
				ASSETCATALOG_COMPILER_GLOBAL_ACCENT_COLOR_NAME = AccentColor;
				CODE_SIGN_STYLE = Automatic;
				CURRENT_PROJECT_VERSION = 1;
				GENERATE_INFOPLIST_FILE = YES;
				INFOPLIST_FILE = TrendMedia/Info.plist;
				INFOPLIST_KEY_UIApplicationSupportsIndirectInputEvents = YES;
				INFOPLIST_KEY_UILaunchStoryboardName = LaunchScreen;
				INFOPLIST_KEY_UIMainStoryboardFile = Main;
				INFOPLIST_KEY_UISupportedInterfaceOrientations_iPad = "UIInterfaceOrientationPortrait UIInterfaceOrientationPortraitUpsideDown UIInterfaceOrientationLandscapeLeft UIInterfaceOrientationLandscapeRight";
				INFOPLIST_KEY_UISupportedInterfaceOrientations_iPhone = "UIInterfaceOrientationPortrait UIInterfaceOrientationLandscapeLeft UIInterfaceOrientationLandscapeRight";
				LD_RUNPATH_SEARCH_PATHS = (
					"$(inherited)",
					"@executable_path/Frameworks",
				);
				MARKETING_VERSION = 1.0;
				PRODUCT_BUNDLE_IDENTIFIER = yle.TrendMedia;
				PRODUCT_NAME = "$(TARGET_NAME)";
				SWIFT_EMIT_LOC_STRINGS = YES;
				SWIFT_VERSION = 5.0;
				TARGETED_DEVICE_FAMILY = "1,2";
			};
			name = Release;
		};
/* End XCBuildConfiguration section */

/* Begin XCConfigurationList section */
		88C1634E27194A7A00BDB092 /* Build configuration list for PBXProject "TrendMedia" */ = {
			isa = XCConfigurationList;
			buildConfigurations = (
				88C1636527194A7D00BDB092 /* Debug */,
				88C1636627194A7D00BDB092 /* Release */,
			);
			defaultConfigurationIsVisible = 0;
			defaultConfigurationName = Release;
		};
		88C1636727194A7D00BDB092 /* Build configuration list for PBXNativeTarget "TrendMedia" */ = {
			isa = XCConfigurationList;
			buildConfigurations = (
				88C1636827194A7D00BDB092 /* Debug */,
				88C1636927194A7D00BDB092 /* Release */,
			);
			defaultConfigurationIsVisible = 0;
			defaultConfigurationName = Release;
		};
/* End XCConfigurationList section */

/* Begin XCRemoteSwiftPackageReference section */
		88BBAE24271D3815008D77FB /* XCRemoteSwiftPackageReference "Kingfisher" */ = {
			isa = XCRemoteSwiftPackageReference;
			repositoryURL = "https://github.com/onevcat/Kingfisher.git";
			requirement = {
				kind = upToNextMajorVersion;
				minimumVersion = 7.0.0;
			};
		};
/* End XCRemoteSwiftPackageReference section */

/* Begin XCSwiftPackageProductDependency section */
		88BBAE25271D3815008D77FB /* Kingfisher */ = {
			isa = XCSwiftPackageProductDependency;
			package = 88BBAE24271D3815008D77FB /* XCRemoteSwiftPackageReference "Kingfisher" */;
			productName = Kingfisher;
		};
/* End XCSwiftPackageProductDependency section */
	};
	rootObject = 88C1634B27194A7A00BDB092 /* Project object */;
}
